// !$*UTF8*$!
{
	archiveVersion = 1;
	classes = {
	};
	objectVersion = 56;
	objects = {

/* Begin PBXBuildFile section */
		465188F02DA03DA70023DC9B /* projeFinalEntidadesRotasApp.swift in Sources */ = {isa = PBXBuildFile; fileRef = 465188EF2DA03DA70023DC9B /* projeFinalEntidadesRotasApp.swift */; };
		465188F22DA03DA70023DC9B /* ContentView.swift in Sources */ = {isa = PBXBuildFile; fileRef = 465188F12DA03DA70023DC9B /* ContentView.swift */; };
		465188F42DA03DA80023DC9B /* Assets.xcassets in Resources */ = {isa = PBXBuildFile; fileRef = 465188F32DA03DA80023DC9B /* Assets.xcassets */; };
		465188F72DA03DA80023DC9B /* Preview Assets.xcassets in Resources */ = {isa = PBXBuildFile; fileRef = 465188F62DA03DA80023DC9B /* Preview Assets.xcassets */; };
		465188FF2DA03E470023DC9B /* AtividadesDiarias.swift in Sources */ = {isa = PBXBuildFile; fileRef = 465188FE2DA03E470023DC9B /* AtividadesDiarias.swift */; };
		465189012DA03E560023DC9B /* Alimentos.swift in Sources */ = {isa = PBXBuildFile; fileRef = 465189002DA03E560023DC9B /* Alimentos.swift */; };
		465189032DA03E640023DC9B /* Medicamentos.swift in Sources */ = {isa = PBXBuildFile; fileRef = 465189022DA03E640023DC9B /* Medicamentos.swift */; };
/* End PBXBuildFile section */

/* Begin PBXFileReference section */
		465188EC2DA03DA70023DC9B /* projeFinalEntidadesRotas.app */ = {isa = PBXFileReference; explicitFileType = wrapper.application; includeInIndex = 0; path = projeFinalEntidadesRotas.app; sourceTree = BUILT_PRODUCTS_DIR; };
		465188EF2DA03DA70023DC9B /* projeFinalEntidadesRotasApp.swift */ = {isa = PBXFileReference; lastKnownFileType = sourcecode.swift; path = projeFinalEntidadesRotasApp.swift; sourceTree = "<group>"; };
		465188F12DA03DA70023DC9B /* ContentView.swift */ = {isa = PBXFileReference; lastKnownFileType = sourcecode.swift; path = ContentView.swift; sourceTree = "<group>"; };
		465188F32DA03DA80023DC9B /* Assets.xcassets */ = {isa = PBXFileReference; lastKnownFileType = folder.assetcatalog; path = Assets.xcassets; sourceTree = "<group>"; };
		465188F62DA03DA80023DC9B /* Preview Assets.xcassets */ = {isa = PBXFileReference; lastKnownFileType = folder.assetcatalog; path = "Preview Assets.xcassets"; sourceTree = "<group>"; };
		465188FE2DA03E470023DC9B /* AtividadesDiarias.swift */ = {isa = PBXFileReference; lastKnownFileType = sourcecode.swift; path = AtividadesDiarias.swift; sourceTree = "<group>"; };
		465189002DA03E560023DC9B /* Alimentos.swift */ = {isa = PBXFileReference; lastKnownFileType = sourcecode.swift; path = Alimentos.swift; sourceTree = "<group>"; };
		465189022DA03E640023DC9B /* Medicamentos.swift */ = {isa = PBXFileReference; lastKnownFileType = sourcecode.swift; path = Medicamentos.swift; sourceTree = "<group>"; };
/* End PBXFileReference section */

/* Begin PBXFrameworksBuildPhase section */
		465188E92DA03DA70023DC9B /* Frameworks */ = {
			isa = PBXFrameworksBuildPhase;
			buildActionMask = 2147483647;
			files = (
			);
			runOnlyForDeploymentPostprocessing = 0;
		};
/* End PBXFrameworksBuildPhase section */

/* Begin PBXGroup section */
		465188E32DA03DA70023DC9B = {
			isa = PBXGroup;
			children = (
				465188EE2DA03DA70023DC9B /* projeFinalEntidadesRotas */,
				465188ED2DA03DA70023DC9B /* Products */,
			);
			sourceTree = "<group>";
		};
		465188ED2DA03DA70023DC9B /* Products */ = {
			isa = PBXGroup;
			children = (
				465188EC2DA03DA70023DC9B /* projeFinalEntidadesRotas.app */,
			);
			name = Products;
			sourceTree = "<group>";
		};
		465188EE2DA03DA70023DC9B /* projeFinalEntidadesRotas */ = {
			isa = PBXGroup;
			children = (
				465188FD2DA03E380023DC9B /* models */,
				465188EF2DA03DA70023DC9B /* projeFinalEntidadesRotasApp.swift */,
				465188F12DA03DA70023DC9B /* ContentView.swift */,
				465188F32DA03DA80023DC9B /* Assets.xcassets */,
				465188F52DA03DA80023DC9B /* Preview Content */,
			);
			path = projeFinalEntidadesRotas;
			sourceTree = "<group>";
		};
		465188F52DA03DA80023DC9B /* Preview Content */ = {
			isa = PBXGroup;
			children = (
				465188F62DA03DA80023DC9B /* Preview Assets.xcassets */,
			);
			path = "Preview Content";
			sourceTree = "<group>";
		};
		465188FD2DA03E380023DC9B /* models */ = {
			isa = PBXGroup;
			children = (
				465188FE2DA03E470023DC9B /* AtividadesDiarias.swift */,
				465189002DA03E560023DC9B /* Alimentos.swift */,
				465189022DA03E640023DC9B /* Medicamentos.swift */,
			);
			path = models;
			sourceTree = "<group>";
		};
/* End PBXGroup section */

/* Begin PBXNativeTarget section */
		465188EB2DA03DA70023DC9B /* projeFinalEntidadesRotas */ = {
			isa = PBXNativeTarget;
			buildConfigurationList = 465188FA2DA03DA80023DC9B /* Build configuration list for PBXNativeTarget "projeFinalEntidadesRotas" */;
			buildPhases = (
				465188E82DA03DA70023DC9B /* Sources */,
				465188E92DA03DA70023DC9B /* Frameworks */,
				465188EA2DA03DA70023DC9B /* Resources */,
			);
			buildRules = (
			);
			dependencies = (
			);
			name = projeFinalEntidadesRotas;
			productName = projeFinalEntidadesRotas;
			productReference = 465188EC2DA03DA70023DC9B /* projeFinalEntidadesRotas.app */;
			productType = "com.apple.product-type.application";
		};
/* End PBXNativeTarget section */

/* Begin PBXProject section */
		465188E42DA03DA70023DC9B /* Project object */ = {
			isa = PBXProject;
			attributes = {
				BuildIndependentTargetsInParallel = 1;
				LastSwiftUpdateCheck = 1540;
				LastUpgradeCheck = 1540;
				TargetAttributes = {
					465188EB2DA03DA70023DC9B = {
						CreatedOnToolsVersion = 15.4;
					};
				};
			};
			buildConfigurationList = 465188E72DA03DA70023DC9B /* Build configuration list for PBXProject "projeFinalEntidadesRotas" */;
			compatibilityVersion = "Xcode 14.0";
			developmentRegion = en;
			hasScannedForEncodings = 0;
			knownRegions = (
				en,
				Base,
			);
			mainGroup = 465188E32DA03DA70023DC9B;
			productRefGroup = 465188ED2DA03DA70023DC9B /* Products */;
			projectDirPath = "";
			projectRoot = "";
			targets = (
				465188EB2DA03DA70023DC9B /* projeFinalEntidadesRotas */,
			);
		};
/* End PBXProject section */

/* Begin PBXResourcesBuildPhase section */
		465188EA2DA03DA70023DC9B /* Resources */ = {
			isa = PBXResourcesBuildPhase;
			buildActionMask = 2147483647;
			files = (
				465188F72DA03DA80023DC9B /* Preview Assets.xcassets in Resources */,
				465188F42DA03DA80023DC9B /* Assets.xcassets in Resources */,
			);
			runOnlyForDeploymentPostprocessing = 0;
		};
/* End PBXResourcesBuildPhase section */

/* Begin PBXSourcesBuildPhase section */
		465188E82DA03DA70023DC9B /* Sources */ = {
			isa = PBXSourcesBuildPhase;
			buildActionMask = 2147483647;
			files = (
				465188F22DA03DA70023DC9B /* ContentView.swift in Sources */,
				465188FF2DA03E470023DC9B /* AtividadesDiarias.swift in Sources */,
				465189012DA03E560023DC9B /* Alimentos.swift in Sources */,
				465189032DA03E640023DC9B /* Medicamentos.swift in Sources */,
				465188F02DA03DA70023DC9B /* projeFinalEntidadesRotasApp.swift in Sources */,
			);
			runOnlyForDeploymentPostprocessing = 0;
		};
/* End PBXSourcesBuildPhase section */

/* Begin XCBuildConfiguration section */
		465188F82DA03DA80023DC9B /* Debug */ = {
			isa = XCBuildConfiguration;
			buildSettings = {
				ALWAYS_SEARCH_USER_PATHS = NO;
				ASSETCATALOG_COMPILER_GENERATE_SWIFT_ASSET_SYMBOL_EXTENSIONS = YES;
				CLANG_ANALYZER_NONNULL = YES;
				CLANG_ANALYZER_NUMBER_OBJECT_CONVERSION = YES_AGGRESSIVE;
				CLANG_CXX_LANGUAGE_STANDARD = "gnu++20";
				CLANG_ENABLE_MODULES = YES;
				CLANG_ENABLE_OBJC_ARC = YES;
				CLANG_ENABLE_OBJC_WEAK = YES;
				CLANG_WARN_BLOCK_CAPTURE_AUTORELEASING = YES;
				CLANG_WARN_BOOL_CONVERSION = YES;
				CLANG_WARN_COMMA = YES;
				CLANG_WARN_CONSTANT_CONVERSION = YES;
				CLANG_WARN_DEPRECATED_OBJC_IMPLEMENTATIONS = YES;
				CLANG_WARN_DIRECT_OBJC_ISA_USAGE = YES_ERROR;
				CLANG_WARN_DOCUMENTATION_COMMENTS = YES;
				CLANG_WARN_EMPTY_BODY = YES;
				CLANG_WARN_ENUM_CONVERSION = YES;
				CLANG_WARN_INFINITE_RECURSION = YES;
				CLANG_WARN_INT_CONVERSION = YES;
				CLANG_WARN_NON_LITERAL_NULL_CONVERSION = YES;
				CLANG_WARN_OBJC_IMPLICIT_RETAIN_SELF = YES;
				CLANG_WARN_OBJC_LITERAL_CONVERSION = YES;
				CLANG_WARN_OBJC_ROOT_CLASS = YES_ERROR;
				CLANG_WARN_QUOTED_INCLUDE_IN_FRAMEWORK_HEADER = YES;
				CLANG_WARN_RANGE_LOOP_ANALYSIS = YES;
				CLANG_WARN_STRICT_PROTOTYPES = YES;
				CLANG_WARN_SUSPICIOUS_MOVE = YES;
				CLANG_WARN_UNGUARDED_AVAILABILITY = YES_AGGRESSIVE;
				CLANG_WARN_UNREACHABLE_CODE = YES;
				CLANG_WARN__DUPLICATE_METHOD_MATCH = YES;
				COPY_PHASE_STRIP = NO;
				DEBUG_INFORMATION_FORMAT = dwarf;
				ENABLE_STRICT_OBJC_MSGSEND = YES;
				ENABLE_TESTABILITY = YES;
				ENABLE_USER_SCRIPT_SANDBOXING = YES;
				GCC_C_LANGUAGE_STANDARD = gnu17;
				GCC_DYNAMIC_NO_PIC = NO;
				GCC_NO_COMMON_BLOCKS = YES;
				GCC_OPTIMIZATION_LEVEL = 0;
				GCC_PREPROCESSOR_DEFINITIONS = (
					"DEBUG=1",
					"$(inherited)",
				);
				GCC_WARN_64_TO_32_BIT_CONVERSION = YES;
				GCC_WARN_ABOUT_RETURN_TYPE = YES_ERROR;
				GCC_WARN_UNDECLARED_SELECTOR = YES;
				GCC_WARN_UNINITIALIZED_AUTOS = YES_AGGRESSIVE;
				GCC_WARN_UNUSED_FUNCTION = YES;
				GCC_WARN_UNUSED_VARIABLE = YES;
				IPHONEOS_DEPLOYMENT_TARGET = 17.5;
				LOCALIZATION_PREFERS_STRING_CATALOGS = YES;
				MTL_ENABLE_DEBUG_INFO = INCLUDE_SOURCE;
				MTL_FAST_MATH = YES;
				ONLY_ACTIVE_ARCH = YES;
				SDKROOT = iphoneos;
				SWIFT_ACTIVE_COMPILATION_CONDITIONS = "DEBUG $(inherited)";
				SWIFT_OPTIMIZATION_LEVEL = "-Onone";
			};
			name = Debug;
		};
		465188F92DA03DA80023DC9B /* Release */ = {
			isa = XCBuildConfiguration;
			buildSettings = {
				ALWAYS_SEARCH_USER_PATHS = NO;
				ASSETCATALOG_COMPILER_GENERATE_SWIFT_ASSET_SYMBOL_EXTENSIONS = YES;
				CLANG_ANALYZER_NONNULL = YES;
				CLANG_ANALYZER_NUMBER_OBJECT_CONVERSION = YES_AGGRESSIVE;
				CLANG_CXX_LANGUAGE_STANDARD = "gnu++20";
				CLANG_ENABLE_MODULES = YES;
				CLANG_ENABLE_OBJC_ARC = YES;
				CLANG_ENABLE_OBJC_WEAK = YES;
				CLANG_WARN_BLOCK_CAPTURE_AUTORELEASING = YES;
				CLANG_WARN_BOOL_CONVERSION = YES;
				CLANG_WARN_COMMA = YES;
				CLANG_WARN_CONSTANT_CONVERSION = YES;
				CLANG_WARN_DEPRECATED_OBJC_IMPLEMENTATIONS = YES;
				CLANG_WARN_DIRECT_OBJC_ISA_USAGE = YES_ERROR;
				CLANG_WARN_DOCUMENTATION_COMMENTS = YES;
				CLANG_WARN_EMPTY_BODY = YES;
				CLANG_WARN_ENUM_CONVERSION = YES;
				CLANG_WARN_INFINITE_RECURSION = YES;
				CLANG_WARN_INT_CONVERSION = YES;
				CLANG_WARN_NON_LITERAL_NULL_CONVERSION = YES;
				CLANG_WARN_OBJC_IMPLICIT_RETAIN_SELF = YES;
				CLANG_WARN_OBJC_LITERAL_CONVERSION = YES;
				CLANG_WARN_OBJC_ROOT_CLASS = YES_ERROR;
				CLANG_WARN_QUOTED_INCLUDE_IN_FRAMEWORK_HEADER = YES;
				CLANG_WARN_RANGE_LOOP_ANALYSIS = YES;
				CLANG_WARN_STRICT_PROTOTYPES = YES;
				CLANG_WARN_SUSPICIOUS_MOVE = YES;
				CLANG_WARN_UNGUARDED_AVAILABILITY = YES_AGGRESSIVE;
				CLANG_WARN_UNREACHABLE_CODE = YES;
				CLANG_WARN__DUPLICATE_METHOD_MATCH = YES;
				COPY_PHASE_STRIP = NO;
				DEBUG_INFORMATION_FORMAT = "dwarf-with-dsym";
				ENABLE_NS_ASSERTIONS = NO;
				ENABLE_STRICT_OBJC_MSGSEND = YES;
				ENABLE_USER_SCRIPT_SANDBOXING = YES;
				GCC_C_LANGUAGE_STANDARD = gnu17;
				GCC_NO_COMMON_BLOCKS = YES;
				GCC_WARN_64_TO_32_BIT_CONVERSION = YES;
				GCC_WARN_ABOUT_RETURN_TYPE = YES_ERROR;
				GCC_WARN_UNDECLARED_SELECTOR = YES;
				GCC_WARN_UNINITIALIZED_AUTOS = YES_AGGRESSIVE;
				GCC_WARN_UNUSED_FUNCTION = YES;
				GCC_WARN_UNUSED_VARIABLE = YES;
				IPHONEOS_DEPLOYMENT_TARGET = 17.5;
				LOCALIZATION_PREFERS_STRING_CATALOGS = YES;
				MTL_ENABLE_DEBUG_INFO = NO;
				MTL_FAST_MATH = YES;
				SDKROOT = iphoneos;
				SWIFT_COMPILATION_MODE = wholemodule;
				VALIDATE_PRODUCT = YES;
			};
			name = Release;
		};
		465188FB2DA03DA80023DC9B /* Debug */ = {
			isa = XCBuildConfiguration;
			buildSettings = {
				ASSETCATALOG_COMPILER_APPICON_NAME = AppIcon;
				ASSETCATALOG_COMPILER_GLOBAL_ACCENT_COLOR_NAME = AccentColor;
				CODE_SIGN_STYLE = Automatic;
				CURRENT_PROJECT_VERSION = 1;
				DEVELOPMENT_ASSET_PATHS = "\"projeFinalEntidadesRotas/Preview Content\"";
				ENABLE_PREVIEWS = YES;
				GENERATE_INFOPLIST_FILE = YES;
				INFOPLIST_KEY_UIApplicationSceneManifest_Generation = YES;
				INFOPLIST_KEY_UIApplicationSupportsIndirectInputEvents = YES;
				INFOPLIST_KEY_UILaunchScreen_Generation = YES;
				INFOPLIST_KEY_UISupportedInterfaceOrientations_iPad = "UIInterfaceOrientationPortrait UIInterfaceOrientationPortraitUpsideDown UIInterfaceOrientationLandscapeLeft UIInterfaceOrientationLandscapeRight";
				INFOPLIST_KEY_UISupportedInterfaceOrientations_iPhone = "UIInterfaceOrientationPortrait UIInterfaceOrientationLandscapeLeft UIInterfaceOrientationLandscapeRight";
				LD_RUNPATH_SEARCH_PATHS = (
					"$(inherited)",
					"@executable_path/Frameworks",
				);
				MARKETING_VERSION = 1.0;
				PRODUCT_BUNDLE_IDENTIFIER = pedroFelix.projeFinalEntidadesRotas;
				PRODUCT_NAME = "$(TARGET_NAME)";
				SWIFT_EMIT_LOC_STRINGS = YES;
				SWIFT_VERSION = 5.0;
				TARGETED_DEVICE_FAMILY = "1,2";
			};
			name = Debug;
		};
		465188FC2DA03DA80023DC9B /* Release */ = {
			isa = XCBuildConfiguration;
			buildSettings = {
				ASSETCATALOG_COMPILER_APPICON_NAME = AppIcon;
				ASSETCATALOG_COMPILER_GLOBAL_ACCENT_COLOR_NAME = AccentColor;
				CODE_SIGN_STYLE = Automatic;
				CURRENT_PROJECT_VERSION = 1;
				DEVELOPMENT_ASSET_PATHS = "\"projeFinalEntidadesRotas/Preview Content\"";
				ENABLE_PREVIEWS = YES;
				GENERATE_INFOPLIST_FILE = YES;
				INFOPLIST_KEY_UIApplicationSceneManifest_Generation = YES;
				INFOPLIST_KEY_UIApplicationSupportsIndirectInputEvents = YES;
				INFOPLIST_KEY_UILaunchScreen_Generation = YES;
				INFOPLIST_KEY_UISupportedInterfaceOrientations_iPad = "UIInterfaceOrientationPortrait UIInterfaceOrientationPortraitUpsideDown UIInterfaceOrientationLandscapeLeft UIInterfaceOrientationLandscapeRight";
				INFOPLIST_KEY_UISupportedInterfaceOrientations_iPhone = "UIInterfaceOrientationPortrait UIInterfaceOrientationLandscapeLeft UIInterfaceOrientationLandscapeRight";
				LD_RUNPATH_SEARCH_PATHS = (
					"$(inherited)",
					"@executable_path/Frameworks",
				);
				MARKETING_VERSION = 1.0;
				PRODUCT_BUNDLE_IDENTIFIER = pedroFelix.projeFinalEntidadesRotas;
				PRODUCT_NAME = "$(TARGET_NAME)";
				SWIFT_EMIT_LOC_STRINGS = YES;
				SWIFT_VERSION = 5.0;
				TARGETED_DEVICE_FAMILY = "1,2";
			};
			name = Release;
		};
/* End XCBuildConfiguration section */

/* Begin XCConfigurationList section */
		465188E72DA03DA70023DC9B /* Build configuration list for PBXProject "projeFinalEntidadesRotas" */ = {
			isa = XCConfigurationList;
			buildConfigurations = (
				465188F82DA03DA80023DC9B /* Debug */,
				465188F92DA03DA80023DC9B /* Release */,
			);
			defaultConfigurationIsVisible = 0;
			defaultConfigurationName = Release;
		};
		465188FA2DA03DA80023DC9B /* Build configuration list for PBXNativeTarget "projeFinalEntidadesRotas" */ = {
			isa = XCConfigurationList;
			buildConfigurations = (
				465188FB2DA03DA80023DC9B /* Debug */,
				465188FC2DA03DA80023DC9B /* Release */,
			);
			defaultConfigurationIsVisible = 0;
			defaultConfigurationName = Release;
		};
/* End XCConfigurationList section */
	};
	rootObject = 465188E42DA03DA70023DC9B /* Project object */;
}
