// !$*UTF8*$!
{
	archiveVersion = 1;
	classes = {
	};
	objectVersion = 56;
	objects = {

/* Begin PBXBuildFile section */
		01022B402DA7064B006D16F3 /* HomeView.swift in Sources */ = {isa = PBXBuildFile; fileRef = 01022B3F2DA7064B006D16F3 /* HomeView.swift */; };
		0155A32E2DA584C100E36EBF /* DailyFoodViewModel.swift in Sources */ = {isa = PBXBuildFile; fileRef = 0155A32D2DA584C100E36EBF /* DailyFoodViewModel.swift */; };
		0155A3302DA584D400E36EBF /* DailyActivityViewModel.swift in Sources */ = {isa = PBXBuildFile; fileRef = 0155A32F2DA584D400E36EBF /* DailyActivityViewModel.swift */; };
		0155A3322DA584E500E36EBF /* UserViewModel.swift in Sources */ = {isa = PBXBuildFile; fileRef = 0155A3312DA584E500E36EBF /* UserViewModel.swift */; };
		0155A3342DA584F100E36EBF /* MedicineViewModel.swift in Sources */ = {isa = PBXBuildFile; fileRef = 0155A3332DA584F100E36EBF /* MedicineViewModel.swift */; };
		0155A3362DA584FA00E36EBF /* FoodViewModel.swift in Sources */ = {isa = PBXBuildFile; fileRef = 0155A3352DA584FA00E36EBF /* FoodViewModel.swift */; };
		0155A33C2DA5ABA600E36EBF /* MedicineView.swift in Sources */ = {isa = PBXBuildFile; fileRef = 0155A33B2DA5ABA600E36EBF /* MedicineView.swift */; };
		0155A33E2DA5ABCB00E36EBF /* PerfilView.swift in Sources */ = {isa = PBXBuildFile; fileRef = 0155A33D2DA5ABCB00E36EBF /* PerfilView.swift */; };
		01B467632DA97A77009DBAE6 /* Activity.swift in Sources */ = {isa = PBXBuildFile; fileRef = 01B467622DA97A77009DBAE6 /* Activity.swift */; };
		01EAC5D82DA828A500188660 /* HistoryView.swift in Sources */ = {isa = PBXBuildFile; fileRef = 01EAC5D72DA828A500188660 /* HistoryView.swift */; };
		01EAC5DA2DA8412800188660 /* DailyWaterViewModel.swift in Sources */ = {isa = PBXBuildFile; fileRef = 01EAC5D92DA8412800188660 /* DailyWaterViewModel.swift */; };
		01EAC5DC2DA8415600188660 /* DailyWater.swift in Sources */ = {isa = PBXBuildFile; fileRef = 01EAC5DB2DA8415600188660 /* DailyWater.swift */; };
		01EAC5DE2DA841B400188660 /* DailyHistory.swift in Sources */ = {isa = PBXBuildFile; fileRef = 01EAC5DD2DA841B400188660 /* DailyHistory.swift */; };
		01EAC5E02DA8442A00188660 /* Water.swift in Sources */ = {isa = PBXBuildFile; fileRef = 01EAC5DF2DA8442A00188660 /* Water.swift */; };
		464269A22DA459E100B905AB /* hackTruckFinalApp.swift in Sources */ = {isa = PBXBuildFile; fileRef = 464269A12DA459E100B905AB /* hackTruckFinalApp.swift */; };
		464269A42DA459E100B905AB /* ContentView.swift in Sources */ = {isa = PBXBuildFile; fileRef = 464269A32DA459E100B905AB /* ContentView.swift */; };
		464269A62DA459E200B905AB /* Assets.xcassets in Resources */ = {isa = PBXBuildFile; fileRef = 464269A52DA459E200B905AB /* Assets.xcassets */; };
		464269A92DA459E200B905AB /* Preview Assets.xcassets in Resources */ = {isa = PBXBuildFile; fileRef = 464269A82DA459E200B905AB /* Preview Assets.xcassets */; };
		464269B12DA45A0700B905AB /* DailyActivity.swift in Sources */ = {isa = PBXBuildFile; fileRef = 464269B02DA45A0700B905AB /* DailyActivity.swift */; };
		464269B32DA45A1E00B905AB /* Food.swift in Sources */ = {isa = PBXBuildFile; fileRef = 464269B22DA45A1E00B905AB /* Food.swift */; };
		464269B52DA45A3000B905AB /* Medicine.swift in Sources */ = {isa = PBXBuildFile; fileRef = 464269B42DA45A3000B905AB /* Medicine.swift */; };
		464269B92DA45A5300B905AB /* User.swift in Sources */ = {isa = PBXBuildFile; fileRef = 464269B82DA45A5300B905AB /* User.swift */; };
		464269BB2DA45A6900B905AB /* DailyFood.swift in Sources */ = {isa = PBXBuildFile; fileRef = 464269BA2DA45A6900B905AB /* DailyFood.swift */; };
		46BEFF2B2DA5939900F690C9 /* ExtensionColor.swift in Sources */ = {isa = PBXBuildFile; fileRef = 46BEFF2A2DA5939900F690C9 /* ExtensionColor.swift */; };
		46BEFF2D2DA5963800F690C9 /* Header.swift in Sources */ = {isa = PBXBuildFile; fileRef = 46BEFF2C2DA5963800F690C9 /* Header.swift */; };
		46BEFF2F2DA5972200F690C9 /* Footer.swift in Sources */ = {isa = PBXBuildFile; fileRef = 46BEFF2E2DA5972200F690C9 /* Footer.swift */; };
		46BEFF312DA5A2A800F690C9 /* FoodView.swift in Sources */ = {isa = PBXBuildFile; fileRef = 46BEFF302DA5A2A800F690C9 /* FoodView.swift */; };
/* End PBXBuildFile section */

/* Begin PBXFileReference section */
		01022B3F2DA7064B006D16F3 /* HomeView.swift */ = {isa = PBXFileReference; lastKnownFileType = sourcecode.swift; path = HomeView.swift; sourceTree = "<group>"; };
		0155A32D2DA584C100E36EBF /* DailyFoodViewModel.swift */ = {isa = PBXFileReference; lastKnownFileType = sourcecode.swift; path = DailyFoodViewModel.swift; sourceTree = "<group>"; };
		0155A32F2DA584D400E36EBF /* DailyActivityViewModel.swift */ = {isa = PBXFileReference; lastKnownFileType = sourcecode.swift; path = DailyActivityViewModel.swift; sourceTree = "<group>"; };
		0155A3312DA584E500E36EBF /* UserViewModel.swift */ = {isa = PBXFileReference; lastKnownFileType = sourcecode.swift; path = UserViewModel.swift; sourceTree = "<group>"; };
		0155A3332DA584F100E36EBF /* MedicineViewModel.swift */ = {isa = PBXFileReference; lastKnownFileType = sourcecode.swift; path = MedicineViewModel.swift; sourceTree = "<group>"; };
		0155A3352DA584FA00E36EBF /* FoodViewModel.swift */ = {isa = PBXFileReference; lastKnownFileType = sourcecode.swift; path = FoodViewModel.swift; sourceTree = "<group>"; };
		0155A33B2DA5ABA600E36EBF /* MedicineView.swift */ = {isa = PBXFileReference; lastKnownFileType = sourcecode.swift; path = MedicineView.swift; sourceTree = "<group>"; };
		0155A33D2DA5ABCB00E36EBF /* PerfilView.swift */ = {isa = PBXFileReference; lastKnownFileType = sourcecode.swift; path = PerfilView.swift; sourceTree = "<group>"; };
		01B467622DA97A77009DBAE6 /* Activity.swift */ = {isa = PBXFileReference; lastKnownFileType = sourcecode.swift; path = Activity.swift; sourceTree = "<group>"; };
		01EAC5D72DA828A500188660 /* HistoryView.swift */ = {isa = PBXFileReference; lastKnownFileType = sourcecode.swift; path = HistoryView.swift; sourceTree = "<group>"; };
		01EAC5D92DA8412800188660 /* DailyWaterViewModel.swift */ = {isa = PBXFileReference; lastKnownFileType = sourcecode.swift; path = DailyWaterViewModel.swift; sourceTree = "<group>"; };
		01EAC5DB2DA8415600188660 /* DailyWater.swift */ = {isa = PBXFileReference; lastKnownFileType = sourcecode.swift; path = DailyWater.swift; sourceTree = "<group>"; };
		01EAC5DD2DA841B400188660 /* DailyHistory.swift */ = {isa = PBXFileReference; lastKnownFileType = sourcecode.swift; path = DailyHistory.swift; sourceTree = "<group>"; };
		01EAC5DF2DA8442A00188660 /* Water.swift */ = {isa = PBXFileReference; lastKnownFileType = sourcecode.swift; path = Water.swift; sourceTree = "<group>"; };
		4642699E2DA459E100B905AB /* hackTruckFinal.app */ = {isa = PBXFileReference; explicitFileType = wrapper.application; includeInIndex = 0; path = hackTruckFinal.app; sourceTree = BUILT_PRODUCTS_DIR; };
		464269A12DA459E100B905AB /* hackTruckFinalApp.swift */ = {isa = PBXFileReference; lastKnownFileType = sourcecode.swift; path = hackTruckFinalApp.swift; sourceTree = "<group>"; };
		464269A32DA459E100B905AB /* ContentView.swift */ = {isa = PBXFileReference; lastKnownFileType = sourcecode.swift; path = ContentView.swift; sourceTree = "<group>"; };
		464269A52DA459E200B905AB /* Assets.xcassets */ = {isa = PBXFileReference; lastKnownFileType = folder.assetcatalog; path = Assets.xcassets; sourceTree = "<group>"; };
		464269A82DA459E200B905AB /* Preview Assets.xcassets */ = {isa = PBXFileReference; lastKnownFileType = folder.assetcatalog; path = "Preview Assets.xcassets"; sourceTree = "<group>"; };
		464269B02DA45A0700B905AB /* DailyActivity.swift */ = {isa = PBXFileReference; lastKnownFileType = sourcecode.swift; path = DailyActivity.swift; sourceTree = "<group>"; };
		464269B22DA45A1E00B905AB /* Food.swift */ = {isa = PBXFileReference; lastKnownFileType = sourcecode.swift; path = Food.swift; sourceTree = "<group>"; };
		464269B42DA45A3000B905AB /* Medicine.swift */ = {isa = PBXFileReference; lastKnownFileType = sourcecode.swift; path = Medicine.swift; sourceTree = "<group>"; };
		464269B82DA45A5300B905AB /* User.swift */ = {isa = PBXFileReference; lastKnownFileType = sourcecode.swift; path = User.swift; sourceTree = "<group>"; };
		464269BA2DA45A6900B905AB /* DailyFood.swift */ = {isa = PBXFileReference; lastKnownFileType = sourcecode.swift; path = DailyFood.swift; sourceTree = "<group>"; };
		46BEFF2A2DA5939900F690C9 /* ExtensionColor.swift */ = {isa = PBXFileReference; lastKnownFileType = sourcecode.swift; path = ExtensionColor.swift; sourceTree = "<group>"; };
		46BEFF2C2DA5963800F690C9 /* Header.swift */ = {isa = PBXFileReference; lastKnownFileType = sourcecode.swift; path = Header.swift; sourceTree = "<group>"; };
		46BEFF2E2DA5972200F690C9 /* Footer.swift */ = {isa = PBXFileReference; lastKnownFileType = sourcecode.swift; path = Footer.swift; sourceTree = "<group>"; };
		46BEFF302DA5A2A800F690C9 /* FoodView.swift */ = {isa = PBXFileReference; lastKnownFileType = sourcecode.swift; path = FoodView.swift; sourceTree = "<group>"; };
/* End PBXFileReference section */

/* Begin PBXFrameworksBuildPhase section */
		4642699B2DA459E100B905AB /* Frameworks */ = {
			isa = PBXFrameworksBuildPhase;
			buildActionMask = 2147483647;
			files = (
			);
			runOnlyForDeploymentPostprocessing = 0;
		};
/* End PBXFrameworksBuildPhase section */

/* Begin PBXGroup section */
		0155A32C2DA5847700E36EBF /* viewmodels */ = {
			isa = PBXGroup;
			children = (
				0155A32D2DA584C100E36EBF /* DailyFoodViewModel.swift */,
				0155A32F2DA584D400E36EBF /* DailyActivityViewModel.swift */,
				0155A3312DA584E500E36EBF /* UserViewModel.swift */,
				0155A3332DA584F100E36EBF /* MedicineViewModel.swift */,
				0155A3352DA584FA00E36EBF /* FoodViewModel.swift */,
				01EAC5D92DA8412800188660 /* DailyWaterViewModel.swift */,
			);
			path = viewmodels;
			sourceTree = "<group>";
		};
		01C0B1A02DA6EF790077CC8D /* screens */ = {
			isa = PBXGroup;
			children = (
				46BEFF302DA5A2A800F690C9 /* FoodView.swift */,
				0155A33B2DA5ABA600E36EBF /* MedicineView.swift */,
				0155A33D2DA5ABCB00E36EBF /* PerfilView.swift */,
				01022B3F2DA7064B006D16F3 /* HomeView.swift */,
				01EAC5D72DA828A500188660 /* HistoryView.swift */,
			);
			path = screens;
			sourceTree = "<group>";
		};
		01C0B1A12DA6EF820077CC8D /* components */ = {
			isa = PBXGroup;
			children = (
				46BEFF2C2DA5963800F690C9 /* Header.swift */,
				46BEFF2E2DA5972200F690C9 /* Footer.swift */,
				01EAC5DF2DA8442A00188660 /* Water.swift */,
				01B467622DA97A77009DBAE6 /* Activity.swift */,
			);
			path = components;
			sourceTree = "<group>";
		};
		464269952DA459E100B905AB = {
			isa = PBXGroup;
			children = (
				464269A02DA459E100B905AB /* hackTruckFinal */,
				4642699F2DA459E100B905AB /* Products */,
			);
			sourceTree = "<group>";
		};
		4642699F2DA459E100B905AB /* Products */ = {
			isa = PBXGroup;
			children = (
				4642699E2DA459E100B905AB /* hackTruckFinal.app */,
			);
			name = Products;
			sourceTree = "<group>";
		};
		464269A02DA459E100B905AB /* hackTruckFinal */ = {
			isa = PBXGroup;
			children = (
				0155A32C2DA5847700E36EBF /* viewmodels */,
				464269C72DA45BE200B905AB /* views */,
				464269AF2DA459F300B905AB /* models */,
				464269A12DA459E100B905AB /* hackTruckFinalApp.swift */,
				464269A52DA459E200B905AB /* Assets.xcassets */,
				464269A72DA459E200B905AB /* Preview Content */,
			);
			path = hackTruckFinal;
			sourceTree = "<group>";
		};
		464269A72DA459E200B905AB /* Preview Content */ = {
			isa = PBXGroup;
			children = (
				464269A82DA459E200B905AB /* Preview Assets.xcassets */,
			);
			path = "Preview Content";
			sourceTree = "<group>";
		};
		464269AF2DA459F300B905AB /* models */ = {
			isa = PBXGroup;
			children = (
				464269B02DA45A0700B905AB /* DailyActivity.swift */,
				464269B22DA45A1E00B905AB /* Food.swift */,
				464269B42DA45A3000B905AB /* Medicine.swift */,
				464269B82DA45A5300B905AB /* User.swift */,
				464269BA2DA45A6900B905AB /* DailyFood.swift */,
				01EAC5DB2DA8415600188660 /* DailyWater.swift */,
				01EAC5DD2DA841B400188660 /* DailyHistory.swift */,
			);
			path = models;
			sourceTree = "<group>";
		};
		464269C72DA45BE200B905AB /* views */ = {
			isa = PBXGroup;
			children = (
				01C0B1A12DA6EF820077CC8D /* components */,
				01C0B1A02DA6EF790077CC8D /* screens */,
				464269A32DA459E100B905AB /* ContentView.swift */,
				46BEFF2A2DA5939900F690C9 /* ExtensionColor.swift */,
			);
			path = views;
			sourceTree = "<group>";
		};
/* End PBXGroup section */

/* Begin PBXNativeTarget section */
		4642699D2DA459E100B905AB /* hackTruckFinal */ = {
			isa = PBXNativeTarget;
			buildConfigurationList = 464269AC2DA459E200B905AB /* Build configuration list for PBXNativeTarget "hackTruckFinal" */;
			buildPhases = (
				4642699A2DA459E100B905AB /* Sources */,
				4642699B2DA459E100B905AB /* Frameworks */,
				4642699C2DA459E100B905AB /* Resources */,
			);
			buildRules = (
			);
			dependencies = (
			);
			name = hackTruckFinal;
			productName = hackTruckFinal;
			productReference = 4642699E2DA459E100B905AB /* hackTruckFinal.app */;
			productType = "com.apple.product-type.application";
		};
/* End PBXNativeTarget section */

/* Begin PBXProject section */
		464269962DA459E100B905AB /* Project object */ = {
			isa = PBXProject;
			attributes = {
				BuildIndependentTargetsInParallel = 1;
				LastSwiftUpdateCheck = 1540;
				LastUpgradeCheck = 1540;
				TargetAttributes = {
					4642699D2DA459E100B905AB = {
						CreatedOnToolsVersion = 15.4;
					};
				};
			};
			buildConfigurationList = 464269992DA459E100B905AB /* Build configuration list for PBXProject "hackTruckFinal" */;
			compatibilityVersion = "Xcode 14.0";
			developmentRegion = en;
			hasScannedForEncodings = 0;
			knownRegions = (
				en,
				Base,
			);
			mainGroup = 464269952DA459E100B905AB;
			productRefGroup = 4642699F2DA459E100B905AB /* Products */;
			projectDirPath = "";
			projectRoot = "";
			targets = (
				4642699D2DA459E100B905AB /* hackTruckFinal */,
			);
		};
/* End PBXProject section */

/* Begin PBXResourcesBuildPhase section */
		4642699C2DA459E100B905AB /* Resources */ = {
			isa = PBXResourcesBuildPhase;
			buildActionMask = 2147483647;
			files = (
				464269A92DA459E200B905AB /* Preview Assets.xcassets in Resources */,
				464269A62DA459E200B905AB /* Assets.xcassets in Resources */,
			);
			runOnlyForDeploymentPostprocessing = 0;
		};
/* End PBXResourcesBuildPhase section */

/* Begin PBXSourcesBuildPhase section */
		4642699A2DA459E100B905AB /* Sources */ = {
			isa = PBXSourcesBuildPhase;
			buildActionMask = 2147483647;
			files = (
				01EAC5DA2DA8412800188660 /* DailyWaterViewModel.swift in Sources */,
				01EAC5E02DA8442A00188660 /* Water.swift in Sources */,
				464269A42DA459E100B905AB /* ContentView.swift in Sources */,
				464269B32DA45A1E00B905AB /* Food.swift in Sources */,
				464269B92DA45A5300B905AB /* User.swift in Sources */,
				01B467632DA97A77009DBAE6 /* Activity.swift in Sources */,
				0155A3302DA584D400E36EBF /* DailyActivityViewModel.swift in Sources */,
				0155A33C2DA5ABA600E36EBF /* MedicineView.swift in Sources */,
				01EAC5D82DA828A500188660 /* HistoryView.swift in Sources */,
				464269B52DA45A3000B905AB /* Medicine.swift in Sources */,
				01EAC5DC2DA8415600188660 /* DailyWater.swift in Sources */,
				464269BB2DA45A6900B905AB /* DailyFood.swift in Sources */,
				46BEFF2B2DA5939900F690C9 /* ExtensionColor.swift in Sources */,
				464269A22DA459E100B905AB /* hackTruckFinalApp.swift in Sources */,
				464269B12DA45A0700B905AB /* DailyActivity.swift in Sources */,
				0155A3342DA584F100E36EBF /* MedicineViewModel.swift in Sources */,
				46BEFF2F2DA5972200F690C9 /* Footer.swift in Sources */,
				01EAC5DE2DA841B400188660 /* DailyHistory.swift in Sources */,
				46BEFF2D2DA5963800F690C9 /* Header.swift in Sources */,
				01022B402DA7064B006D16F3 /* HomeView.swift in Sources */,
				0155A33E2DA5ABCB00E36EBF /* PerfilView.swift in Sources */,
				46BEFF312DA5A2A800F690C9 /* FoodView.swift in Sources */,
				0155A32E2DA584C100E36EBF /* DailyFoodViewModel.swift in Sources */,
				0155A3322DA584E500E36EBF /* UserViewModel.swift in Sources */,
				0155A3362DA584FA00E36EBF /* FoodViewModel.swift in Sources */,
			);
			runOnlyForDeploymentPostprocessing = 0;
		};
/* End PBXSourcesBuildPhase section */

/* Begin XCBuildConfiguration section */
		464269AA2DA459E200B905AB /* Debug */ = {
			isa = XCBuildConfiguration;
			buildSettings = {
				ALWAYS_SEARCH_USER_PATHS = NO;
				ASSETCATALOG_COMPILER_GENERATE_SWIFT_ASSET_SYMBOL_EXTENSIONS = YES;
				CLANG_ANALYZER_NONNULL = YES;
				CLANG_ANALYZER_NUMBER_OBJECT_CONVERSION = YES_AGGRESSIVE;
				CLANG_CXX_LANGUAGE_STANDARD = "gnu++20";
				CLANG_ENABLE_MODULES = YES;
				CLANG_ENABLE_OBJC_ARC = YES;
				CLANG_ENABLE_OBJC_WEAK = YES;
				CLANG_WARN_BLOCK_CAPTURE_AUTORELEASING = YES;
				CLANG_WARN_BOOL_CONVERSION = YES;
				CLANG_WARN_COMMA = YES;
				CLANG_WARN_CONSTANT_CONVERSION = YES;
				CLANG_WARN_DEPRECATED_OBJC_IMPLEMENTATIONS = YES;
				CLANG_WARN_DIRECT_OBJC_ISA_USAGE = YES_ERROR;
				CLANG_WARN_DOCUMENTATION_COMMENTS = YES;
				CLANG_WARN_EMPTY_BODY = YES;
				CLANG_WARN_ENUM_CONVERSION = YES;
				CLANG_WARN_INFINITE_RECURSION = YES;
				CLANG_WARN_INT_CONVERSION = YES;
				CLANG_WARN_NON_LITERAL_NULL_CONVERSION = YES;
				CLANG_WARN_OBJC_IMPLICIT_RETAIN_SELF = YES;
				CLANG_WARN_OBJC_LITERAL_CONVERSION = YES;
				CLANG_WARN_OBJC_ROOT_CLASS = YES_ERROR;
				CLANG_WARN_QUOTED_INCLUDE_IN_FRAMEWORK_HEADER = YES;
				CLANG_WARN_RANGE_LOOP_ANALYSIS = YES;
				CLANG_WARN_STRICT_PROTOTYPES = YES;
				CLANG_WARN_SUSPICIOUS_MOVE = YES;
				CLANG_WARN_UNGUARDED_AVAILABILITY = YES_AGGRESSIVE;
				CLANG_WARN_UNREACHABLE_CODE = YES;
				CLANG_WARN__DUPLICATE_METHOD_MATCH = YES;
				COPY_PHASE_STRIP = NO;
				DEBUG_INFORMATION_FORMAT = dwarf;
				ENABLE_STRICT_OBJC_MSGSEND = YES;
				ENABLE_TESTABILITY = YES;
				ENABLE_USER_SCRIPT_SANDBOXING = YES;
				GCC_C_LANGUAGE_STANDARD = gnu17;
				GCC_DYNAMIC_NO_PIC = NO;
				GCC_NO_COMMON_BLOCKS = YES;
				GCC_OPTIMIZATION_LEVEL = 0;
				GCC_PREPROCESSOR_DEFINITIONS = (
					"DEBUG=1",
					"$(inherited)",
				);
				GCC_WARN_64_TO_32_BIT_CONVERSION = YES;
				GCC_WARN_ABOUT_RETURN_TYPE = YES_ERROR;
				GCC_WARN_UNDECLARED_SELECTOR = YES;
				GCC_WARN_UNINITIALIZED_AUTOS = YES_AGGRESSIVE;
				GCC_WARN_UNUSED_FUNCTION = YES;
				GCC_WARN_UNUSED_VARIABLE = YES;
				IPHONEOS_DEPLOYMENT_TARGET = 17.5;
				LOCALIZATION_PREFERS_STRING_CATALOGS = YES;
				MTL_ENABLE_DEBUG_INFO = INCLUDE_SOURCE;
				MTL_FAST_MATH = YES;
				ONLY_ACTIVE_ARCH = YES;
				SDKROOT = iphoneos;
				SWIFT_ACTIVE_COMPILATION_CONDITIONS = "DEBUG $(inherited)";
				SWIFT_OPTIMIZATION_LEVEL = "-Onone";
			};
			name = Debug;
		};
		464269AB2DA459E200B905AB /* Release */ = {
			isa = XCBuildConfiguration;
			buildSettings = {
				ALWAYS_SEARCH_USER_PATHS = NO;
				ASSETCATALOG_COMPILER_GENERATE_SWIFT_ASSET_SYMBOL_EXTENSIONS = YES;
				CLANG_ANALYZER_NONNULL = YES;
				CLANG_ANALYZER_NUMBER_OBJECT_CONVERSION = YES_AGGRESSIVE;
				CLANG_CXX_LANGUAGE_STANDARD = "gnu++20";
				CLANG_ENABLE_MODULES = YES;
				CLANG_ENABLE_OBJC_ARC = YES;
				CLANG_ENABLE_OBJC_WEAK = YES;
				CLANG_WARN_BLOCK_CAPTURE_AUTORELEASING = YES;
				CLANG_WARN_BOOL_CONVERSION = YES;
				CLANG_WARN_COMMA = YES;
				CLANG_WARN_CONSTANT_CONVERSION = YES;
				CLANG_WARN_DEPRECATED_OBJC_IMPLEMENTATIONS = YES;
				CLANG_WARN_DIRECT_OBJC_ISA_USAGE = YES_ERROR;
				CLANG_WARN_DOCUMENTATION_COMMENTS = YES;
				CLANG_WARN_EMPTY_BODY = YES;
				CLANG_WARN_ENUM_CONVERSION = YES;
				CLANG_WARN_INFINITE_RECURSION = YES;
				CLANG_WARN_INT_CONVERSION = YES;
				CLANG_WARN_NON_LITERAL_NULL_CONVERSION = YES;
				CLANG_WARN_OBJC_IMPLICIT_RETAIN_SELF = YES;
				CLANG_WARN_OBJC_LITERAL_CONVERSION = YES;
				CLANG_WARN_OBJC_ROOT_CLASS = YES_ERROR;
				CLANG_WARN_QUOTED_INCLUDE_IN_FRAMEWORK_HEADER = YES;
				CLANG_WARN_RANGE_LOOP_ANALYSIS = YES;
				CLANG_WARN_STRICT_PROTOTYPES = YES;
				CLANG_WARN_SUSPICIOUS_MOVE = YES;
				CLANG_WARN_UNGUARDED_AVAILABILITY = YES_AGGRESSIVE;
				CLANG_WARN_UNREACHABLE_CODE = YES;
				CLANG_WARN__DUPLICATE_METHOD_MATCH = YES;
				COPY_PHASE_STRIP = NO;
				DEBUG_INFORMATION_FORMAT = "dwarf-with-dsym";
				ENABLE_NS_ASSERTIONS = NO;
				ENABLE_STRICT_OBJC_MSGSEND = YES;
				ENABLE_USER_SCRIPT_SANDBOXING = YES;
				GCC_C_LANGUAGE_STANDARD = gnu17;
				GCC_NO_COMMON_BLOCKS = YES;
				GCC_WARN_64_TO_32_BIT_CONVERSION = YES;
				GCC_WARN_ABOUT_RETURN_TYPE = YES_ERROR;
				GCC_WARN_UNDECLARED_SELECTOR = YES;
				GCC_WARN_UNINITIALIZED_AUTOS = YES_AGGRESSIVE;
				GCC_WARN_UNUSED_FUNCTION = YES;
				GCC_WARN_UNUSED_VARIABLE = YES;
				IPHONEOS_DEPLOYMENT_TARGET = 17.5;
				LOCALIZATION_PREFERS_STRING_CATALOGS = YES;
				MTL_ENABLE_DEBUG_INFO = NO;
				MTL_FAST_MATH = YES;
				SDKROOT = iphoneos;
				SWIFT_COMPILATION_MODE = wholemodule;
				VALIDATE_PRODUCT = YES;
			};
			name = Release;
		};
		464269AD2DA459E200B905AB /* Debug */ = {
			isa = XCBuildConfiguration;
			buildSettings = {
				ASSETCATALOG_COMPILER_APPICON_NAME = AppIcon;
				ASSETCATALOG_COMPILER_GLOBAL_ACCENT_COLOR_NAME = AccentColor;
				CODE_SIGN_STYLE = Automatic;
				CURRENT_PROJECT_VERSION = 1;
				DEVELOPMENT_ASSET_PATHS = "\"hackTruckFinal/Preview Content\"";
				DEVELOPMENT_TEAM = SYP7BVGRDB;
				ENABLE_PREVIEWS = YES;
				GENERATE_INFOPLIST_FILE = YES;
				INFOPLIST_KEY_UIApplicationSceneManifest_Generation = YES;
				INFOPLIST_KEY_UIApplicationSupportsIndirectInputEvents = YES;
				INFOPLIST_KEY_UILaunchScreen_Generation = YES;
				INFOPLIST_KEY_UISupportedInterfaceOrientations_iPad = "UIInterfaceOrientationPortrait UIInterfaceOrientationPortraitUpsideDown UIInterfaceOrientationLandscapeLeft UIInterfaceOrientationLandscapeRight";
				INFOPLIST_KEY_UISupportedInterfaceOrientations_iPhone = "UIInterfaceOrientationPortrait UIInterfaceOrientationLandscapeLeft UIInterfaceOrientationLandscapeRight";
				LD_RUNPATH_SEARCH_PATHS = (
					"$(inherited)",
					"@executable_path/Frameworks",
				);
				MARKETING_VERSION = 1.0;
				PRODUCT_BUNDLE_IDENTIFIER = pedrof;
				PRODUCT_NAME = "$(TARGET_NAME)";
				SWIFT_EMIT_LOC_STRINGS = YES;
				SWIFT_VERSION = 5.0;
				TARGETED_DEVICE_FAMILY = "1,2";
			};
			name = Debug;
		};
		464269AE2DA459E200B905AB /* Release */ = {
			isa = XCBuildConfiguration;
			buildSettings = {
				ASSETCATALOG_COMPILER_APPICON_NAME = AppIcon;
				ASSETCATALOG_COMPILER_GLOBAL_ACCENT_COLOR_NAME = AccentColor;
				CODE_SIGN_STYLE = Automatic;
				CURRENT_PROJECT_VERSION = 1;
				DEVELOPMENT_ASSET_PATHS = "\"hackTruckFinal/Preview Content\"";
				DEVELOPMENT_TEAM = SYP7BVGRDB;
				ENABLE_PREVIEWS = YES;
				GENERATE_INFOPLIST_FILE = YES;
				INFOPLIST_KEY_UIApplicationSceneManifest_Generation = YES;
				INFOPLIST_KEY_UIApplicationSupportsIndirectInputEvents = YES;
				INFOPLIST_KEY_UILaunchScreen_Generation = YES;
				INFOPLIST_KEY_UISupportedInterfaceOrientations_iPad = "UIInterfaceOrientationPortrait UIInterfaceOrientationPortraitUpsideDown UIInterfaceOrientationLandscapeLeft UIInterfaceOrientationLandscapeRight";
				INFOPLIST_KEY_UISupportedInterfaceOrientations_iPhone = "UIInterfaceOrientationPortrait UIInterfaceOrientationLandscapeLeft UIInterfaceOrientationLandscapeRight";
				LD_RUNPATH_SEARCH_PATHS = (
					"$(inherited)",
					"@executable_path/Frameworks",
				);
				MARKETING_VERSION = 1.0;
				PRODUCT_BUNDLE_IDENTIFIER = pedrof;
				PRODUCT_NAME = "$(TARGET_NAME)";
				SWIFT_EMIT_LOC_STRINGS = YES;
				SWIFT_VERSION = 5.0;
				TARGETED_DEVICE_FAMILY = "1,2";
			};
			name = Release;
		};
/* End XCBuildConfiguration section */

/* Begin XCConfigurationList section */
		464269992DA459E100B905AB /* Build configuration list for PBXProject "hackTruckFinal" */ = {
			isa = XCConfigurationList;
			buildConfigurations = (
				464269AA2DA459E200B905AB /* Debug */,
				464269AB2DA459E200B905AB /* Release */,
			);
			defaultConfigurationIsVisible = 0;
			defaultConfigurationName = Release;
		};
		464269AC2DA459E200B905AB /* Build configuration list for PBXNativeTarget "hackTruckFinal" */ = {
			isa = XCConfigurationList;
			buildConfigurations = (
				464269AD2DA459E200B905AB /* Debug */,
				464269AE2DA459E200B905AB /* Release */,
			);
			defaultConfigurationIsVisible = 0;
			defaultConfigurationName = Release;
		};
/* End XCConfigurationList section */
	};
	rootObject = 464269962DA459E100B905AB /* Project object */;
}
